
Microsoft Visual Studio Solution File, Format Version 12.00
# Visual Studio Version 17
VisualStudioVersion = 17.5.33530.505
MinimumVisualStudioVersion = 10.0.40219.1
Project("{FAE04EC0-301F-11D3-BF4B-00C04F79EFBC}") = "blz.Server", "Server\blz.Server.csproj", "{2BCAE3F9-C9B2-4C4E-9262-FBC21962E810}"
EndProject
Project("{FAE04EC0-301F-11D3-BF4B-00C04F79EFBC}") = "blz.Client", "Client\blz.Client.csproj", "{5C80EA86-5D0E-460A-8F6B-A8667DC0C1BD}"
EndProject
Project("{FAE04EC0-301F-11D3-BF4B-00C04F79EFBC}") = "blz.Shared", "Shared\blz.Shared.csproj", "{0DA388F9-8AC1-48EE-A43D-CA39BB0C1A58}"
EndProject
Global
	GlobalSection(SolutionConfigurationPlatforms) = preSolution
		Debug|Any CPU = Debug|Any CPU
		Release|Any CPU = Release|Any CPU
	EndGlobalSection
	GlobalSection(ProjectConfigurationPlatforms) = postSolution
		{2BCAE3F9-C9B2-4C4E-9262-FBC21962E810}.Debug|Any CPU.ActiveCfg = Debug|Any CPU
		{2BCAE3F9-C9B2-4C4E-9262-FBC21962E810}.Debug|Any CPU.Build.0 = Debug|Any CPU
		{2BCAE3F9-C9B2-4C4E-9262-FBC21962E810}.Release|Any CPU.ActiveCfg = Release|Any CPU
		{2BCAE3F9-C9B2-4C4E-9262-FBC21962E810}.Release|Any CPU.Build.0 = Release|Any CPU
		{5C80EA86-5D0E-460A-8F6B-A8667DC0C1BD}.Debug|Any CPU.ActiveCfg = Debug|Any CPU
		{5C80EA86-5D0E-460A-8F6B-A8667DC0C1BD}.Debug|Any CPU.Build.0 = Debug|Any CPU
		{5C80EA86-5D0E-460A-8F6B-A8667DC0C1BD}.Release|Any CPU.ActiveCfg = Release|Any CPU
		{5C80EA86-5D0E-460A-8F6B-A8667DC0C1BD}.Release|Any CPU.Build.0 = Release|Any CPU
		{0DA388F9-8AC1-48EE-A43D-CA39BB0C1A58}.Debug|Any CPU.ActiveCfg = Debug|Any CPU
		{0DA388F9-8AC1-48EE-A43D-CA39BB0C1A58}.Debug|Any CPU.Build.0 = Debug|Any CPU
		{0DA388F9-8AC1-48EE-A43D-CA39BB0C1A58}.Release|Any CPU.ActiveCfg = Release|Any CPU
		{0DA388F9-8AC1-48EE-A43D-CA39BB0C1A58}.Release|Any CPU.Build.0 = Release|Any CPU
	EndGlobalSection
	GlobalSection(SolutionProperties) = preSolution
		HideSolutionNode = FALSE
	EndGlobalSection
	GlobalSection(ExtensibilityGlobals) = postSolution
		SolutionGuid = {60B4F880-ED86-435F-9CB0-76C5A389BE36}
	EndGlobalSection
EndGlobal
