
Microsoft Visual Studio Solution File, Format Version 12.00
# Visual Studio Version 17
VisualStudioVersion = 17.5.33502.453
MinimumVisualStudioVersion = 10.0.40219.1
Project("{9A19103F-16F7-4668-BE54-9A1E7A4F7556}") = "srv_lin", "srv_lin.csproj", "{30C9F118-EE15-47A7-B3BF-39B5F7D31F2A}"
EndProject
Global
	GlobalSection(SolutionConfigurationPlatforms) = preSolution
		Debug|Any CPU = Debug|Any CPU
		Release|Any CPU = Release|Any CPU
	EndGlobalSection
	GlobalSection(ProjectConfigurationPlatforms) = postSolution
		{30C9F118-EE15-47A7-B3BF-39B5F7D31F2A}.Debug|Any CPU.ActiveCfg = Debug|Any CPU
		{30C9F118-EE15-47A7-B3BF-39B5F7D31F2A}.Debug|Any CPU.Build.0 = Debug|Any CPU
		{30C9F118-EE15-47A7-B3BF-39B5F7D31F2A}.Release|Any CPU.ActiveCfg = Release|Any CPU
		{30C9F118-EE15-47A7-B3BF-39B5F7D31F2A}.Release|Any CPU.Build.0 = Release|Any CPU
	EndGlobalSection
	GlobalSection(SolutionProperties) = preSolution
		HideSolutionNode = FALSE
	EndGlobalSection
	GlobalSection(ExtensibilityGlobals) = postSolution
		SolutionGuid = {91FBE6EB-4CA6-4D51-BB50-9204E72D3876}
	EndGlobalSection
EndGlobal
